
Microsoft Visual Studio Solution File, Format Version 12.00
# Visual Studio Version 16
VisualStudioVersion = 16.0.32630.194
MinimumVisualStudioVersion = 10.0.40219.1
Project("{FAE04EC0-301F-11D3-BF4B-00C04F79EFBC}") = "Practica8122022", "Practica8122022\Practica8122022.csproj", "{725FAA90-DEDD-4C2C-BA0A-492ED86BBD0F}"
EndProject
Global
	GlobalSection(SolutionConfigurationPlatforms) = preSolution
		Debug|Any CPU = Debug|Any CPU
		Release|Any CPU = Release|Any CPU
	EndGlobalSection
	GlobalSection(ProjectConfigurationPlatforms) = postSolution
		{725FAA90-DEDD-4C2C-BA0A-492ED86BBD0F}.Debug|Any CPU.ActiveCfg = Debug|Any CPU
		{725FAA90-DEDD-4C2C-BA0A-492ED86BBD0F}.Debug|Any CPU.Build.0 = Debug|Any CPU
		{725FAA90-DEDD-4C2C-BA0A-492ED86BBD0F}.Release|Any CPU.ActiveCfg = Release|Any CPU
		{725FAA90-DEDD-4C2C-BA0A-492ED86BBD0F}.Release|Any CPU.Build.0 = Release|Any CPU
	EndGlobalSection
	GlobalSection(SolutionProperties) = preSolution
		HideSolutionNode = FALSE
	EndGlobalSection
	GlobalSection(ExtensibilityGlobals) = postSolution
		SolutionGuid = {65935777-49EB-4DDF-ACEC-A27B38CDAC23}
	EndGlobalSection
EndGlobal
